
Microsoft Visual Studio Solution File, Format Version 12.00
# Visual Studio Version 17
VisualStudioVersion = 17.1.32407.343
MinimumVisualStudioVersion = 10.0.40219.1
Project("{FAE04EC0-301F-11D3-BF4B-00C04F79EFBC}") = "CatalogFilms", "CatalogFilms\CatalogFilms.csproj", "{4FA58CA9-A5A0-4591-B26E-6C0F6896D719}"
EndProject
Global
	GlobalSection(SolutionConfigurationPlatforms) = preSolution
		Debug|Any CPU = Debug|Any CPU
		Release|Any CPU = Release|Any CPU
	EndGlobalSection
	GlobalSection(ProjectConfigurationPlatforms) = postSolution
		{4FA58CA9-A5A0-4591-B26E-6C0F6896D719}.Debug|Any CPU.ActiveCfg = Debug|Any CPU
		{4FA58CA9-A5A0-4591-B26E-6C0F6896D719}.Debug|Any CPU.Build.0 = Debug|Any CPU
		{4FA58CA9-A5A0-4591-B26E-6C0F6896D719}.Release|Any CPU.ActiveCfg = Release|Any CPU
		{4FA58CA9-A5A0-4591-B26E-6C0F6896D719}.Release|Any CPU.Build.0 = Release|Any CPU
	EndGlobalSection
	GlobalSection(SolutionProperties) = preSolution
		HideSolutionNode = FALSE
	EndGlobalSection
	GlobalSection(ExtensibilityGlobals) = postSolution
		SolutionGuid = {EF80ACC0-2617-4D15-B396-43D78FDDD25A}
	EndGlobalSection
EndGlobal
